
Microsoft Visual Studio Solution File, Format Version 12.00
# Visual Studio Version 17
VisualStudioVersion = 17.7.34302.85
MinimumVisualStudioVersion = 10.0.40219.1
Project("{9A19103F-16F7-4668-BE54-9A1E7A4F7556}") = "HomeWork7", "HomeWork7\HomeWork7.csproj", "{8BFF34CF-9619-4B37-9E1A-C6901DFD84F1}"
EndProject
Project("{9A19103F-16F7-4668-BE54-9A1E7A4F7556}") = "HomeWork8", "HomeWork8\HomeWork8.csproj", "{EE61805A-552F-4F89-80E3-616A94061D5A}"
EndProject
Global
	GlobalSection(SolutionConfigurationPlatforms) = preSolution
		Debug|Any CPU = Debug|Any CPU
		Release|Any CPU = Release|Any CPU
	EndGlobalSection
	GlobalSection(ProjectConfigurationPlatforms) = postSolution
		{8BFF34CF-9619-4B37-9E1A-C6901DFD84F1}.Debug|Any CPU.ActiveCfg = Debug|Any CPU
		{8BFF34CF-9619-4B37-9E1A-C6901DFD84F1}.Debug|Any CPU.Build.0 = Debug|Any CPU
		{8BFF34CF-9619-4B37-9E1A-C6901DFD84F1}.Release|Any CPU.ActiveCfg = Release|Any CPU
		{8BFF34CF-9619-4B37-9E1A-C6901DFD84F1}.Release|Any CPU.Build.0 = Release|Any CPU
		{EE61805A-552F-4F89-80E3-616A94061D5A}.Debug|Any CPU.ActiveCfg = Debug|Any CPU
		{EE61805A-552F-4F89-80E3-616A94061D5A}.Debug|Any CPU.Build.0 = Debug|Any CPU
		{EE61805A-552F-4F89-80E3-616A94061D5A}.Release|Any CPU.ActiveCfg = Release|Any CPU
		{EE61805A-552F-4F89-80E3-616A94061D5A}.Release|Any CPU.Build.0 = Release|Any CPU
	EndGlobalSection
	GlobalSection(SolutionProperties) = preSolution
		HideSolutionNode = FALSE
	EndGlobalSection
	GlobalSection(ExtensibilityGlobals) = postSolution
		SolutionGuid = {F2897D57-3FF4-4C10-895A-1A3B687F6C77}
	EndGlobalSection
EndGlobal
